PODS:
  - FMDB (2.5):
    - FMDB/standard (= 2.5)
  - FMDB/common (2.5)
  - FMDB/standard (2.5):
    - FMDB/common
  - XLForm (2.1.0)

DEPENDENCIES:
  - FMDB (~> 2.5)
  - XLForm (~> 2.1.0)

SPEC CHECKSUMS:
  FMDB: 96e8f1bcc1329e269330f99770ad4285d9003e52
  XLForm: ba9e657a360a810ab1f64cc2cd6307fd99a86866

COCOAPODS: 0.36.0.beta.2
