// !$*UTF8*$!
{
	archiveVersion = 1;
	classes = {
	};
	objectVersion = 46;
	objects = {

/* Begin PBXBuildFile section */
		6F2E994D1AFA6C550091C5D9 /* FormatDocViewController.m in Sources */ = {isa = PBXBuildFile; fileRef = 6F2E994B1AFA6C550091C5D9 /* FormatDocViewController.m */; };
		6F2E994E1AFA6C550091C5D9 /* FormatDocViewController.xib in Resources */ = {isa = PBXBuildFile; fileRef = 6F2E994C1AFA6C550091C5D9 /* FormatDocViewController.xib */; };
		6F2E99541AFA703F0091C5D9 /* FormatDocTableViewCell.m in Sources */ = {isa = PBXBuildFile; fileRef = 6F2E99521AFA703F0091C5D9 /* FormatDocTableViewCell.m */; };
		6F2E99551AFA703F0091C5D9 /* FormatDocTableViewCell.xib in Resources */ = {isa = PBXBuildFile; fileRef = 6F2E99531AFA703F0091C5D9 /* FormatDocTableViewCell.xib */; };
		6F2E99581AFBC1960091C5D9 /* 右箭头@2x.png in Resources */ = {isa = PBXBuildFile; fileRef = 6F2E99571AFBC1960091C5D9 /* 右箭头@2x.png */; };
		6F2E995A1AFBC2370091C5D9 /* 竖线@2x.png in Resources */ = {isa = PBXBuildFile; fileRef = 6F2E99591AFBC2370091C5D9 /* 竖线@2x.png */; };
		6F2E995E1AFDB6A40091C5D9 /* OptionDocViewController.m in Sources */ = {isa = PBXBuildFile; fileRef = 6F2E995C1AFDB6A40091C5D9 /* OptionDocViewController.m */; };
		6F2E995F1AFDB6A40091C5D9 /* OptionDocViewController.xib in Resources */ = {isa = PBXBuildFile; fileRef = 6F2E995D1AFDB6A40091C5D9 /* OptionDocViewController.xib */; };
		6F2E99631AFDBD3D0091C5D9 /* ColumnOption.m in Sources */ = {isa = PBXBuildFile; fileRef = 6F2E99621AFDBD3D0091C5D9 /* ColumnOption.m */; };
		6F2E99691AFE7B530091C5D9 /* SpeedyDocCell.m in Sources */ = {isa = PBXBuildFile; fileRef = 6F2E99671AFE7B530091C5D9 /* SpeedyDocCell.m */; };
		6F2E996A1AFE7B530091C5D9 /* SpeedyDocCell.xib in Resources */ = {isa = PBXBuildFile; fileRef = 6F2E99681AFE7B530091C5D9 /* SpeedyDocCell.xib */; };
		6F2E996E1AFF363F0091C5D9 /* OptionDocTableViewCell.m in Sources */ = {isa = PBXBuildFile; fileRef = 6F2E996C1AFF363F0091C5D9 /* OptionDocTableViewCell.m */; };
		6F2E996F1AFF363F0091C5D9 /* OptionDocTableViewCell.xib in Resources */ = {isa = PBXBuildFile; fileRef = 6F2E996D1AFF363F0091C5D9 /* OptionDocTableViewCell.xib */; };
		6F2E99741AFF55920091C5D9 /* FormPatternViewController.m in Sources */ = {isa = PBXBuildFile; fileRef = 6F2E99721AFF55920091C5D9 /* FormPatternViewController.m */; };
		6F2E99751AFF55920091C5D9 /* FormPatternViewController.xib in Resources */ = {isa = PBXBuildFile; fileRef = 6F2E99731AFF55920091C5D9 /* FormPatternViewController.xib */; };
		6F2E997A1B071BDE0091C5D9 /* DetailFormViewController.m in Sources */ = {isa = PBXBuildFile; fileRef = 6F2E99781B071BDE0091C5D9 /* DetailFormViewController.m */; };
		6F2E997B1B071BDE0091C5D9 /* DetailFormViewController.xib in Resources */ = {isa = PBXBuildFile; fileRef = 6F2E99791B071BDE0091C5D9 /* DetailFormViewController.xib */; };
		6F2E997F1B072CCF0091C5D9 /* DetailFormTableViewCell.m in Sources */ = {isa = PBXBuildFile; fileRef = 6F2E997D1B072CCF0091C5D9 /* DetailFormTableViewCell.m */; };
		6F2E99801B072CCF0091C5D9 /* DetailFormTableViewCell.xib in Resources */ = {isa = PBXBuildFile; fileRef = 6F2E997E1B072CCF0091C5D9 /* DetailFormTableViewCell.xib */; };
		6F3CDA791AED0D6D0079E7D5 /* MessageUI.framework in Frameworks */ = {isa = PBXBuildFile; fileRef = 6F3CDA781AED0D6D0079E7D5 /* MessageUI.framework */; };
		6F601ECF1AEBCBD0000CDF88 /* MainViewController.m in Sources */ = {isa = PBXBuildFile; fileRef = 6F601ECE1AEBCBD0000CDF88 /* MainViewController.m */; };
		6F601FE51AEBE7BE000CDF88 /* FMDBManmager.m in Sources */ = {isa = PBXBuildFile; fileRef = 6F601FE41AEBE7BE000CDF88 /* FMDBManmager.m */; };
		6F601FE81AEBE7DD000CDF88 /* FormModel.m in Sources */ = {isa = PBXBuildFile; fileRef = 6F601FE71AEBE7DD000CDF88 /* FormModel.m */; };
		6F80B9DB1B14CC4B00950AE9 /* EditDocViewController.m in Sources */ = {isa = PBXBuildFile; fileRef = 6F80B9DA1B14CC4B00950AE9 /* EditDocViewController.m */; };
		6FA851661AF33E0E00B45763 /* SpeedyDocViewController.m in Sources */ = {isa = PBXBuildFile; fileRef = 6FA851651AF33E0E00B45763 /* SpeedyDocViewController.m */; };
		6FA8516D1AF3500600B45763 /* CustomFormatViewController.m in Sources */ = {isa = PBXBuildFile; fileRef = 6FA8516B1AF3500600B45763 /* CustomFormatViewController.m */; };
		6FA8516E1AF3500600B45763 /* CustomFormatViewController.xib in Resources */ = {isa = PBXBuildFile; fileRef = 6FA8516C1AF3500600B45763 /* CustomFormatViewController.xib */; };
		83E2D854528ABA08EB04ECBF /* libPods.a in Frameworks */ = {isa = PBXBuildFile; fileRef = 83D2D08C50ABF2C5100BBA97 /* libPods.a */; };
		A558225C1B2ED74100F73C87 /* AppDelegate.m in Sources */ = {isa = PBXBuildFile; fileRef = A55822541B2ED74100F73C87 /* AppDelegate.m */; };
		A558225E1B2ED74100F73C87 /* Images.xcassets in Resources */ = {isa = PBXBuildFile; fileRef = A55822571B2ED74100F73C87 /* Images.xcassets */; };
		A558225F1B2ED74100F73C87 /* Info.plist in Resources */ = {isa = PBXBuildFile; fileRef = A55822581B2ED74100F73C87 /* Info.plist */; };
		A55822601B2ED74100F73C87 /* main.m in Sources */ = {isa = PBXBuildFile; fileRef = A55822591B2ED74100F73C87 /* main.m */; };
		A55822611B2ED74100F73C87 /* SpeedyDoc.storyboard in Resources */ = {isa = PBXBuildFile; fileRef = A558225B1B2ED74100F73C87 /* SpeedyDoc.storyboard */; };
		A55870A51AE9D5C000C7413C /* SpeedyDocTests.m in Sources */ = {isa = PBXBuildFile; fileRef = A55870A41AE9D5C000C7413C /* SpeedyDocTests.m */; };
/* End PBXBuildFile section */

/* Begin PBXContainerItemProxy section */
		A558709F1AE9D5C000C7413C /* PBXContainerItemProxy */ = {
			isa = PBXContainerItemProxy;
			containerPortal = A558707D1AE9D5C000C7413C /* Project object */;
			proxyType = 1;
			remoteGlobalIDString = A55870841AE9D5C000C7413C;
			remoteInfo = SpeedyDoc;
		};
/* End PBXContainerItemProxy section */

/* Begin PBXFileReference section */
		4AD225C776E83027A213B81C /* Pods.release.xcconfig */ = {isa = PBXFileReference; includeInIndex = 1; lastKnownFileType = text.xcconfig; name = Pods.release.xcconfig; path = "Pods/Target Support Files/Pods/Pods.release.xcconfig"; sourceTree = "<group>"; };
		6F2E994A1AFA6C550091C5D9 /* FormatDocViewController.h */ = {isa = PBXFileReference; fileEncoding = 4; lastKnownFileType = sourcecode.c.h; path = FormatDocViewController.h; sourceTree = "<group>"; };
		6F2E994B1AFA6C550091C5D9 /* FormatDocViewController.m */ = {isa = PBXFileReference; fileEncoding = 4; lastKnownFileType = sourcecode.c.objc; path = FormatDocViewController.m; sourceTree = "<group>"; };
		6F2E994C1AFA6C550091C5D9 /* FormatDocViewController.xib */ = {isa = PBXFileReference; fileEncoding = 4; lastKnownFileType = file.xib; path = FormatDocViewController.xib; sourceTree = "<group>"; };
		6F2E99511AFA703F0091C5D9 /* FormatDocTableViewCell.h */ = {isa = PBXFileReference; fileEncoding = 4; lastKnownFileType = sourcecode.c.h; path = FormatDocTableViewCell.h; sourceTree = "<group>"; };
		6F2E99521AFA703F0091C5D9 /* FormatDocTableViewCell.m */ = {isa = PBXFileReference; fileEncoding = 4; lastKnownFileType = sourcecode.c.objc; path = FormatDocTableViewCell.m; sourceTree = "<group>"; };
		6F2E99531AFA703F0091C5D9 /* FormatDocTableViewCell.xib */ = {isa = PBXFileReference; fileEncoding = 4; lastKnownFileType = file.xib; path = FormatDocTableViewCell.xib; sourceTree = "<group>"; };
		6F2E99571AFBC1960091C5D9 /* 右箭头@2x.png */ = {isa = PBXFileReference; lastKnownFileType = image.png; path = "右箭头@2x.png"; sourceTree = "<group>"; };
		6F2E99591AFBC2370091C5D9 /* 竖线@2x.png */ = {isa = PBXFileReference; lastKnownFileType = image.png; path = "竖线@2x.png"; sourceTree = "<group>"; };
		6F2E995B1AFDB6A40091C5D9 /* OptionDocViewController.h */ = {isa = PBXFileReference; fileEncoding = 4; lastKnownFileType = sourcecode.c.h; path = OptionDocViewController.h; sourceTree = "<group>"; };
		6F2E995C1AFDB6A40091C5D9 /* OptionDocViewController.m */ = {isa = PBXFileReference; fileEncoding = 4; lastKnownFileType = sourcecode.c.objc; path = OptionDocViewController.m; sourceTree = "<group>"; };
		6F2E995D1AFDB6A40091C5D9 /* OptionDocViewController.xib */ = {isa = PBXFileReference; fileEncoding = 4; lastKnownFileType = file.xib; path = OptionDocViewController.xib; sourceTree = "<group>"; };
		6F2E99611AFDBD3D0091C5D9 /* ColumnOption.h */ = {isa = PBXFileReference; fileEncoding = 4; lastKnownFileType = sourcecode.c.h; path = ColumnOption.h; sourceTree = "<group>"; };
		6F2E99621AFDBD3D0091C5D9 /* ColumnOption.m */ = {isa = PBXFileReference; fileEncoding = 4; lastKnownFileType = sourcecode.c.objc; path = ColumnOption.m; sourceTree = "<group>"; };
		6F2E99661AFE7B530091C5D9 /* SpeedyDocCell.h */ = {isa = PBXFileReference; fileEncoding = 4; lastKnownFileType = sourcecode.c.h; path = SpeedyDocCell.h; sourceTree = "<group>"; };
		6F2E99671AFE7B530091C5D9 /* SpeedyDocCell.m */ = {isa = PBXFileReference; fileEncoding = 4; lastKnownFileType = sourcecode.c.objc; path = SpeedyDocCell.m; sourceTree = "<group>"; };
		6F2E99681AFE7B530091C5D9 /* SpeedyDocCell.xib */ = {isa = PBXFileReference; fileEncoding = 4; lastKnownFileType = file.xib; path = SpeedyDocCell.xib; sourceTree = "<group>"; };
		6F2E996B1AFF363F0091C5D9 /* OptionDocTableViewCell.h */ = {isa = PBXFileReference; fileEncoding = 4; lastKnownFileType = sourcecode.c.h; path = OptionDocTableViewCell.h; sourceTree = "<group>"; };
		6F2E996C1AFF363F0091C5D9 /* OptionDocTableViewCell.m */ = {isa = PBXFileReference; fileEncoding = 4; lastKnownFileType = sourcecode.c.objc; path = OptionDocTableViewCell.m; sourceTree = "<group>"; };
		6F2E996D1AFF363F0091C5D9 /* OptionDocTableViewCell.xib */ = {isa = PBXFileReference; fileEncoding = 4; lastKnownFileType = file.xib; path = OptionDocTableViewCell.xib; sourceTree = "<group>"; };
		6F2E99711AFF55920091C5D9 /* FormPatternViewController.h */ = {isa = PBXFileReference; fileEncoding = 4; lastKnownFileType = sourcecode.c.h; path = FormPatternViewController.h; sourceTree = "<group>"; };
		6F2E99721AFF55920091C5D9 /* FormPatternViewController.m */ = {isa = PBXFileReference; fileEncoding = 4; lastKnownFileType = sourcecode.c.objc; path = FormPatternViewController.m; sourceTree = "<group>"; };
		6F2E99731AFF55920091C5D9 /* FormPatternViewController.xib */ = {isa = PBXFileReference; fileEncoding = 4; lastKnownFileType = file.xib; path = FormPatternViewController.xib; sourceTree = "<group>"; };
		6F2E99771B071BDE0091C5D9 /* DetailFormViewController.h */ = {isa = PBXFileReference; fileEncoding = 4; lastKnownFileType = sourcecode.c.h; path = DetailFormViewController.h; sourceTree = "<group>"; };
		6F2E99781B071BDE0091C5D9 /* DetailFormViewController.m */ = {isa = PBXFileReference; fileEncoding = 4; lastKnownFileType = sourcecode.c.objc; path = DetailFormViewController.m; sourceTree = "<group>"; };
		6F2E99791B071BDE0091C5D9 /* DetailFormViewController.xib */ = {isa = PBXFileReference; fileEncoding = 4; lastKnownFileType = file.xib; path = DetailFormViewController.xib; sourceTree = "<group>"; };
		6F2E997C1B072CCF0091C5D9 /* DetailFormTableViewCell.h */ = {isa = PBXFileReference; fileEncoding = 4; lastKnownFileType = sourcecode.c.h; path = DetailFormTableViewCell.h; sourceTree = "<group>"; };
		6F2E997D1B072CCF0091C5D9 /* DetailFormTableViewCell.m */ = {isa = PBXFileReference; fileEncoding = 4; lastKnownFileType = sourcecode.c.objc; path = DetailFormTableViewCell.m; sourceTree = "<group>"; };
		6F2E997E1B072CCF0091C5D9 /* DetailFormTableViewCell.xib */ = {isa = PBXFileReference; fileEncoding = 4; lastKnownFileType = file.xib; path = DetailFormTableViewCell.xib; sourceTree = "<group>"; };
		6F3CDA781AED0D6D0079E7D5 /* MessageUI.framework */ = {isa = PBXFileReference; lastKnownFileType = wrapper.framework; name = MessageUI.framework; path = System/Library/Frameworks/MessageUI.framework; sourceTree = SDKROOT; };
		6F601ECD1AEBCBD0000CDF88 /* MainViewController.h */ = {isa = PBXFileReference; fileEncoding = 4; lastKnownFileType = sourcecode.c.h; path = MainViewController.h; sourceTree = "<group>"; };
		6F601ECE1AEBCBD0000CDF88 /* MainViewController.m */ = {isa = PBXFileReference; fileEncoding = 4; lastKnownFileType = sourcecode.c.objc; path = MainViewController.m; sourceTree = "<group>"; };
		6F601FE31AEBE7BE000CDF88 /* FMDBManmager.h */ = {isa = PBXFileReference; fileEncoding = 4; lastKnownFileType = sourcecode.c.h; path = FMDBManmager.h; sourceTree = "<group>"; };
		6F601FE41AEBE7BE000CDF88 /* FMDBManmager.m */ = {isa = PBXFileReference; fileEncoding = 4; lastKnownFileType = sourcecode.c.objc; path = FMDBManmager.m; sourceTree = "<group>"; };
		6F601FE61AEBE7DD000CDF88 /* FormModel.h */ = {isa = PBXFileReference; fileEncoding = 4; lastKnownFileType = sourcecode.c.h; path = FormModel.h; sourceTree = "<group>"; };
		6F601FE71AEBE7DD000CDF88 /* FormModel.m */ = {isa = PBXFileReference; fileEncoding = 4; lastKnownFileType = sourcecode.c.objc; path = FormModel.m; sourceTree = "<group>"; };
		6F80B9D91B14CC4B00950AE9 /* EditDocViewController.h */ = {isa = PBXFileReference; fileEncoding = 4; lastKnownFileType = sourcecode.c.h; path = EditDocViewController.h; sourceTree = "<group>"; };
		6F80B9DA1B14CC4B00950AE9 /* EditDocViewController.m */ = {isa = PBXFileReference; fileEncoding = 4; lastKnownFileType = sourcecode.c.objc; path = EditDocViewController.m; sourceTree = "<group>"; };
		6FA851641AF33E0E00B45763 /* SpeedyDocViewController.h */ = {isa = PBXFileReference; fileEncoding = 4; lastKnownFileType = sourcecode.c.h; path = SpeedyDocViewController.h; sourceTree = "<group>"; };
		6FA851651AF33E0E00B45763 /* SpeedyDocViewController.m */ = {isa = PBXFileReference; fileEncoding = 4; lastKnownFileType = sourcecode.c.objc; path = SpeedyDocViewController.m; sourceTree = "<group>"; };
		6FA8516A1AF3500600B45763 /* CustomFormatViewController.h */ = {isa = PBXFileReference; fileEncoding = 4; lastKnownFileType = sourcecode.c.h; path = CustomFormatViewController.h; sourceTree = "<group>"; };
		6FA8516B1AF3500600B45763 /* CustomFormatViewController.m */ = {isa = PBXFileReference; fileEncoding = 4; lastKnownFileType = sourcecode.c.objc; path = CustomFormatViewController.m; sourceTree = "<group>"; };
		6FA8516C1AF3500600B45763 /* CustomFormatViewController.xib */ = {isa = PBXFileReference; fileEncoding = 4; lastKnownFileType = file.xib; path = CustomFormatViewController.xib; sourceTree = "<group>"; };
		83D2D08C50ABF2C5100BBA97 /* libPods.a */ = {isa = PBXFileReference; explicitFileType = archive.ar; includeInIndex = 0; path = libPods.a; sourceTree = BUILT_PRODUCTS_DIR; };
		A55822531B2ED74100F73C87 /* AppDelegate.h */ = {isa = PBXFileReference; fileEncoding = 4; lastKnownFileType = sourcecode.c.h; path = AppDelegate.h; sourceTree = "<group>"; };
		A55822541B2ED74100F73C87 /* AppDelegate.m */ = {isa = PBXFileReference; fileEncoding = 4; lastKnownFileType = sourcecode.c.objc; path = AppDelegate.m; sourceTree = "<group>"; };
		A55822561B2ED74100F73C87 /* Base */ = {isa = PBXFileReference; lastKnownFileType = file.xib; name = Base; path = Base.lproj/LaunchScreen.xib; sourceTree = "<group>"; };
		A55822571B2ED74100F73C87 /* Images.xcassets */ = {isa = PBXFileReference; lastKnownFileType = folder.assetcatalog; path = Images.xcassets; sourceTree = "<group>"; };
		A55822581B2ED74100F73C87 /* Info.plist */ = {isa = PBXFileReference; fileEncoding = 4; lastKnownFileType = text.plist.xml; path = Info.plist; sourceTree = "<group>"; };
		A55822591B2ED74100F73C87 /* main.m */ = {isa = PBXFileReference; fileEncoding = 4; lastKnownFileType = sourcecode.c.objc; path = main.m; sourceTree = "<group>"; };
		A558225A1B2ED74100F73C87 /* SpeedyDoc-Prefix.pch */ = {isa = PBXFileReference; fileEncoding = 4; lastKnownFileType = sourcecode.c.h; path = "SpeedyDoc-Prefix.pch"; sourceTree = "<group>"; };
		A558225B1B2ED74100F73C87 /* SpeedyDoc.storyboard */ = {isa = PBXFileReference; fileEncoding = 4; lastKnownFileType = file.storyboard; path = SpeedyDoc.storyboard; sourceTree = "<group>"; };
		A55870851AE9D5C000C7413C /* SpeedyDoc.app */ = {isa = PBXFileReference; explicitFileType = wrapper.application; includeInIndex = 0; path = SpeedyDoc.app; sourceTree = BUILT_PRODUCTS_DIR; };
		A558709E1AE9D5C000C7413C /* SpeedyDocTests.xctest */ = {isa = PBXFileReference; explicitFileType = wrapper.cfbundle; includeInIndex = 0; path = SpeedyDocTests.xctest; sourceTree = BUILT_PRODUCTS_DIR; };
		A55870A31AE9D5C000C7413C /* Info.plist */ = {isa = PBXFileReference; lastKnownFileType = text.plist.xml; path = Info.plist; sourceTree = "<group>"; };
		A55870A41AE9D5C000C7413C /* SpeedyDocTests.m */ = {isa = PBXFileReference; lastKnownFileType = sourcecode.c.objc; path = SpeedyDocTests.m; sourceTree = "<group>"; };
		B76D309863F7D598DF088719 /* Pods.debug.xcconfig */ = {isa = PBXFileReference; includeInIndex = 1; lastKnownFileType = text.xcconfig; name = Pods.debug.xcconfig; path = "Pods/Target Support Files/Pods/Pods.debug.xcconfig"; sourceTree = "<group>"; };
/* End PBXFileReference section */

/* Begin PBXFrameworksBuildPhase section */
		A55870821AE9D5C000C7413C /* Frameworks */ = {
			isa = PBXFrameworksBuildPhase;
			buildActionMask = 2147483647;
			files = (
				6F3CDA791AED0D6D0079E7D5 /* MessageUI.framework in Frameworks */,
				83E2D854528ABA08EB04ECBF /* libPods.a in Frameworks */,
			);
			runOnlyForDeploymentPostprocessing = 0;
		};
		A558709B1AE9D5C000C7413C /* Frameworks */ = {
			isa = PBXFrameworksBuildPhase;
			buildActionMask = 2147483647;
			files = (
			);
			runOnlyForDeploymentPostprocessing = 0;
		};
/* End PBXFrameworksBuildPhase section */

/* Begin PBXGroup section */
		6224D655B92ADBD6A65C453E /* Frameworks */ = {
			isa = PBXGroup;
			children = (
				6F3CDA781AED0D6D0079E7D5 /* MessageUI.framework */,
				83D2D08C50ABF2C5100BBA97 /* libPods.a */,
			);
			name = Frameworks;
			sourceTree = "<group>";
		};
		6F2E994F1AFA6FE80091C5D9 /* FormatCell */ = {
			isa = PBXGroup;
			children = (
				6F2E99511AFA703F0091C5D9 /* FormatDocTableViewCell.h */,
				6F2E99521AFA703F0091C5D9 /* FormatDocTableViewCell.m */,
				6F2E99531AFA703F0091C5D9 /* FormatDocTableViewCell.xib */,
				6F2E996B1AFF363F0091C5D9 /* OptionDocTableViewCell.h */,
				6F2E996C1AFF363F0091C5D9 /* OptionDocTableViewCell.m */,
				6F2E996D1AFF363F0091C5D9 /* OptionDocTableViewCell.xib */,
			);
			name = FormatCell;
			sourceTree = "<group>";
		};
		6F2E99501AFA700D0091C5D9 /* FormatController */ = {
			isa = PBXGroup;
			children = (
				6F2E994A1AFA6C550091C5D9 /* FormatDocViewController.h */,
				6F2E994B1AFA6C550091C5D9 /* FormatDocViewController.m */,
				6F2E994C1AFA6C550091C5D9 /* FormatDocViewController.xib */,
				6F2E995B1AFDB6A40091C5D9 /* OptionDocViewController.h */,
				6F2E995C1AFDB6A40091C5D9 /* OptionDocViewController.m */,
				6F2E995D1AFDB6A40091C5D9 /* OptionDocViewController.xib */,
			);
			name = FormatController;
			sourceTree = "<group>";
		};
		6F2E99561AFBC1790091C5D9 /* image */ = {
			isa = PBXGroup;
			children = (
				6F2E99591AFBC2370091C5D9 /* 竖线@2x.png */,
				6F2E99571AFBC1960091C5D9 /* 右箭头@2x.png */,
			);
			path = image;
			sourceTree = "<group>";
		};
		6F2E99601AFDBCD60091C5D9 /* DataModel */ = {
			isa = PBXGroup;
			children = (
				6F2E99611AFDBD3D0091C5D9 /* ColumnOption.h */,
				6F2E99621AFDBD3D0091C5D9 /* ColumnOption.m */,
			);
			path = DataModel;
			sourceTree = "<group>";
		};
		6F2E99641AFE64D60091C5D9 /* SpeedyDocController */ = {
			isa = PBXGroup;
			children = (
				6FA851641AF33E0E00B45763 /* SpeedyDocViewController.h */,
				6FA851651AF33E0E00B45763 /* SpeedyDocViewController.m */,
				6F80B9D91B14CC4B00950AE9 /* EditDocViewController.h */,
				6F80B9DA1B14CC4B00950AE9 /* EditDocViewController.m */,
			);
			name = SpeedyDocController;
			sourceTree = "<group>";
		};
		6F2E99651AFE64EF0091C5D9 /* SpeedyDocCell */ = {
			isa = PBXGroup;
			children = (
				6F2E99661AFE7B530091C5D9 /* SpeedyDocCell.h */,
				6F2E99671AFE7B530091C5D9 /* SpeedyDocCell.m */,
				6F2E99681AFE7B530091C5D9 /* SpeedyDocCell.xib */,
			);
			name = SpeedyDocCell;
			sourceTree = "<group>";
		};
		6F2E99701AFF54EF0091C5D9 /* FormPattern */ = {
			isa = PBXGroup;
			children = (
				6FA8516A1AF3500600B45763 /* CustomFormatViewController.h */,
				6FA8516B1AF3500600B45763 /* CustomFormatViewController.m */,
				6FA8516C1AF3500600B45763 /* CustomFormatViewController.xib */,
				6F2E99711AFF55920091C5D9 /* FormPatternViewController.h */,
				6F2E99721AFF55920091C5D9 /* FormPatternViewController.m */,
				6F2E99731AFF55920091C5D9 /* FormPatternViewController.xib */,
			);
			name = FormPattern;
			sourceTree = "<group>";
		};
		6F2E99761B071BBA0091C5D9 /* DetailForm */ = {
			isa = PBXGroup;
			children = (
				6F2E99771B071BDE0091C5D9 /* DetailFormViewController.h */,
				6F2E99781B071BDE0091C5D9 /* DetailFormViewController.m */,
				6F2E99791B071BDE0091C5D9 /* DetailFormViewController.xib */,
				6F2E997C1B072CCF0091C5D9 /* DetailFormTableViewCell.h */,
				6F2E997D1B072CCF0091C5D9 /* DetailFormTableViewCell.m */,
				6F2E997E1B072CCF0091C5D9 /* DetailFormTableViewCell.xib */,
			);
			name = DetailForm;
			sourceTree = "<group>";
		};
		6F601FE21AEBE7BE000CDF88 /* FMDB */ = {
			isa = PBXGroup;
			children = (
				6F601FE31AEBE7BE000CDF88 /* FMDBManmager.h */,
				6F601FE41AEBE7BE000CDF88 /* FMDBManmager.m */,
				6F601FE61AEBE7DD000CDF88 /* FormModel.h */,
				6F601FE71AEBE7DD000CDF88 /* FormModel.m */,
			);
			path = FMDB;
			sourceTree = "<group>";
		};
		6FD229941AEAAFEB008DF7E0 /* GUI */ = {
			isa = PBXGroup;
			children = (
				6F2E99561AFBC1790091C5D9 /* image */,
				6FD229951AEAAFEB008DF7E0 /* Controller */,
				6FD229961AEAAFEB008DF7E0 /* Model */,
				6FD229971AEAAFEB008DF7E0 /* View */,
			);
			path = GUI;
			sourceTree = "<group>";
		};
		6FD229951AEAAFEB008DF7E0 /* Controller */ = {
			isa = PBXGroup;
			children = (
				6F2E99761B071BBA0091C5D9 /* DetailForm */,
				6F2E99701AFF54EF0091C5D9 /* FormPattern */,
				6F2E99641AFE64D60091C5D9 /* SpeedyDocController */,
				6F2E99651AFE64EF0091C5D9 /* SpeedyDocCell */,
				6F2E99501AFA700D0091C5D9 /* FormatController */,
				6F2E994F1AFA6FE80091C5D9 /* FormatCell */,
				6F601ECD1AEBCBD0000CDF88 /* MainViewController.h */,
				6F601ECE1AEBCBD0000CDF88 /* MainViewController.m */,
			);
			path = Controller;
			sourceTree = "<group>";
		};
		6FD229961AEAAFEB008DF7E0 /* Model */ = {
			isa = PBXGroup;
			children = (
				6F2E99601AFDBCD60091C5D9 /* DataModel */,
				6F601FE21AEBE7BE000CDF88 /* FMDB */,
			);
			path = Model;
			sourceTree = "<group>";
		};
		6FD229971AEAAFEB008DF7E0 /* View */ = {
			isa = PBXGroup;
			children = (
			);
			path = View;
			sourceTree = "<group>";
		};
		9D8F728EAC7A3725F007A5CF /* Pods */ = {
			isa = PBXGroup;
			children = (
				B76D309863F7D598DF088719 /* Pods.debug.xcconfig */,
				4AD225C776E83027A213B81C /* Pods.release.xcconfig */,
			);
			name = Pods;
			sourceTree = "<group>";
		};
		A55822521B2ED74100F73C87 /* SpeedyDoc */ = {
			isa = PBXGroup;
			children = (
				A55822531B2ED74100F73C87 /* AppDelegate.h */,
				A55822541B2ED74100F73C87 /* AppDelegate.m */,
				A55822551B2ED74100F73C87 /* LaunchScreen.xib */,
				A55822571B2ED74100F73C87 /* Images.xcassets */,
				A55822581B2ED74100F73C87 /* Info.plist */,
				A55822591B2ED74100F73C87 /* main.m */,
				A558225A1B2ED74100F73C87 /* SpeedyDoc-Prefix.pch */,
				A558225B1B2ED74100F73C87 /* SpeedyDoc.storyboard */,
			);
			path = SpeedyDoc;
			sourceTree = "<group>";
		};
		A558707C1AE9D5C000C7413C = {
			isa = PBXGroup;
			children = (
				A55822521B2ED74100F73C87 /* SpeedyDoc */,
				6FD229941AEAAFEB008DF7E0 /* GUI */,
				A55870A11AE9D5C000C7413C /* SpeedyDocTests */,
				A55870861AE9D5C000C7413C /* Products */,
				9D8F728EAC7A3725F007A5CF /* Pods */,
				6224D655B92ADBD6A65C453E /* Frameworks */,
			);
			sourceTree = "<group>";
		};
		A55870861AE9D5C000C7413C /* Products */ = {
			isa = PBXGroup;
			children = (
				A55870851AE9D5C000C7413C /* SpeedyDoc.app */,
				A558709E1AE9D5C000C7413C /* SpeedyDocTests.xctest */,
			);
			name = Products;
			sourceTree = "<group>";
		};
		A55870A11AE9D5C000C7413C /* SpeedyDocTests */ = {
			isa = PBXGroup;
			children = (
				A55870A41AE9D5C000C7413C /* SpeedyDocTests.m */,
				A55870A21AE9D5C000C7413C /* Supporting Files */,
			);
			path = SpeedyDocTests;
			sourceTree = "<group>";
		};
		A55870A21AE9D5C000C7413C /* Supporting Files */ = {
			isa = PBXGroup;
			children = (
				A55870A31AE9D5C000C7413C /* Info.plist */,
			);
			name = "Supporting Files";
			sourceTree = "<group>";
		};
/* End PBXGroup section */

/* Begin PBXNativeTarget section */
		A55870841AE9D5C000C7413C /* SpeedyDoc */ = {
			isa = PBXNativeTarget;
			buildConfigurationList = A55870A81AE9D5C000C7413C /* Build configuration list for PBXNativeTarget "SpeedyDoc" */;
			buildPhases = (
				DBD08EB4AC690067C9BDA89A /* Check Pods Manifest.lock */,
				A55870811AE9D5C000C7413C /* Sources */,
				A55870821AE9D5C000C7413C /* Frameworks */,
				A55870831AE9D5C000C7413C /* Resources */,
				6B111017A2BC9BDC86943986 /* Copy Pods Resources */,
			);
			buildRules = (
			);
			dependencies = (
			);
			name = SpeedyDoc;
			productName = SpeedyDoc;
			productReference = A55870851AE9D5C000C7413C /* SpeedyDoc.app */;
			productType = "com.apple.product-type.application";
		};
		A558709D1AE9D5C000C7413C /* SpeedyDocTests */ = {
			isa = PBXNativeTarget;
			buildConfigurationList = A55870AB1AE9D5C000C7413C /* Build configuration list for PBXNativeTarget "SpeedyDocTests" */;
			buildPhases = (
				A558709A1AE9D5C000C7413C /* Sources */,
				A558709B1AE9D5C000C7413C /* Frameworks */,
				A558709C1AE9D5C000C7413C /* Resources */,
			);
			buildRules = (
			);
			dependencies = (
				A55870A01AE9D5C000C7413C /* PBXTargetDependency */,
			);
			name = SpeedyDocTests;
			productName = SpeedyDocTests;
			productReference = A558709E1AE9D5C000C7413C /* SpeedyDocTests.xctest */;
			productType = "com.apple.product-type.bundle.unit-test";
		};
/* End PBXNativeTarget section */

/* Begin PBXProject section */
		A558707D1AE9D5C000C7413C /* Project object */ = {
			isa = PBXProject;
			attributes = {
				LastUpgradeCheck = 0630;
				ORGANIZATIONNAME = "R_style Man";
				TargetAttributes = {
					A55870841AE9D5C000C7413C = {
						CreatedOnToolsVersion = 6.3.1;
						DevelopmentTeam = 74FFGT6HP4;
					};
					A558709D1AE9D5C000C7413C = {
						CreatedOnToolsVersion = 6.3.1;
						DevelopmentTeam = 74FFGT6HP4;
						TestTargetID = A55870841AE9D5C000C7413C;
					};
				};
			};
			buildConfigurationList = A55870801AE9D5C000C7413C /* Build configuration list for PBXProject "SpeedyDoc" */;
			compatibilityVersion = "Xcode 3.2";
			developmentRegion = English;
			hasScannedForEncodings = 0;
			knownRegions = (
				en,
				Base,
			);
			mainGroup = A558707C1AE9D5C000C7413C;
			productRefGroup = A55870861AE9D5C000C7413C /* Products */;
			projectDirPath = "";
			projectRoot = "";
			targets = (
				A55870841AE9D5C000C7413C /* SpeedyDoc */,
				A558709D1AE9D5C000C7413C /* SpeedyDocTests */,
			);
		};
/* End PBXProject section */

/* Begin PBXResourcesBuildPhase section */
		A55870831AE9D5C000C7413C /* Resources */ = {
			isa = PBXResourcesBuildPhase;
			buildActionMask = 2147483647;
			files = (
				6F2E994E1AFA6C550091C5D9 /* FormatDocViewController.xib in Resources */,
				A558225E1B2ED74100F73C87 /* Images.xcassets in Resources */,
				6F2E99551AFA703F0091C5D9 /* FormatDocTableViewCell.xib in Resources */,
				6F2E995A1AFBC2370091C5D9 /* 竖线@2x.png in Resources */,
				6F2E997B1B071BDE0091C5D9 /* DetailFormViewController.xib in Resources */,
				6F2E99801B072CCF0091C5D9 /* DetailFormTableViewCell.xib in Resources */,
				6F2E99581AFBC1960091C5D9 /* 右箭头@2x.png in Resources */,
				6F2E995F1AFDB6A40091C5D9 /* OptionDocViewController.xib in Resources */,
				A558225F1B2ED74100F73C87 /* Info.plist in Resources */,
				6F2E99751AFF55920091C5D9 /* FormPatternViewController.xib in Resources */,
				A55822611B2ED74100F73C87 /* SpeedyDoc.storyboard in Resources */,
				6FA8516E1AF3500600B45763 /* CustomFormatViewController.xib in Resources */,
				6F2E996A1AFE7B530091C5D9 /* SpeedyDocCell.xib in Resources */,
				6F2E996F1AFF363F0091C5D9 /* OptionDocTableViewCell.xib in Resources */,
			);
			runOnlyForDeploymentPostprocessing = 0;
		};
		A558709C1AE9D5C000C7413C /* Resources */ = {
			isa = PBXResourcesBuildPhase;
			buildActionMask = 2147483647;
			files = (
			);
			runOnlyForDeploymentPostprocessing = 0;
		};
/* End PBXResourcesBuildPhase section */

/* Begin PBXShellScriptBuildPhase section */
		6B111017A2BC9BDC86943986 /* Copy Pods Resources */ = {
			isa = PBXShellScriptBuildPhase;
			buildActionMask = 2147483647;
			files = (
			);
			inputPaths = (
			);
			name = "Copy Pods Resources";
			outputPaths = (
			);
			runOnlyForDeploymentPostprocessing = 0;
			shellPath = /bin/sh;
			shellScript = "\"${SRCROOT}/Pods/Target Support Files/Pods/Pods-resources.sh\"\n";
			showEnvVarsInLog = 0;
		};
		DBD08EB4AC690067C9BDA89A /* Check Pods Manifest.lock */ = {
			isa = PBXShellScriptBuildPhase;
			buildActionMask = 2147483647;
			files = (
			);
			inputPaths = (
			);
			name = "Check Pods Manifest.lock";
			outputPaths = (
			);
			runOnlyForDeploymentPostprocessing = 0;
			shellPath = /bin/sh;
			shellScript = "diff \"${PODS_ROOT}/../Podfile.lock\" \"${PODS_ROOT}/Manifest.lock\" > /dev/null\nif [[ $? != 0 ]] ; then\n    cat << EOM\nerror: The sandbox is not in sync with the Podfile.lock. Run 'pod install' or update your CocoaPods installation.\nEOM\n    exit 1\nfi\n";
			showEnvVarsInLog = 0;
		};
/* End PBXShellScriptBuildPhase section */

/* Begin PBXSourcesBuildPhase section */
		A55870811AE9D5C000C7413C /* Sources */ = {
			isa = PBXSourcesBuildPhase;
			buildActionMask = 2147483647;
			files = (
				6F601FE81AEBE7DD000CDF88 /* FormModel.m in Sources */,
				6F2E99691AFE7B530091C5D9 /* SpeedyDocCell.m in Sources */,
				A558225C1B2ED74100F73C87 /* AppDelegate.m in Sources */,
				6F2E99541AFA703F0091C5D9 /* FormatDocTableViewCell.m in Sources */,
				6F2E994D1AFA6C550091C5D9 /* FormatDocViewController.m in Sources */,
				6F2E997A1B071BDE0091C5D9 /* DetailFormViewController.m in Sources */,
				6F2E99741AFF55920091C5D9 /* FormPatternViewController.m in Sources */,
				6F2E995E1AFDB6A40091C5D9 /* OptionDocViewController.m in Sources */,
				A55822601B2ED74100F73C87 /* main.m in Sources */,
				6FA8516D1AF3500600B45763 /* CustomFormatViewController.m in Sources */,
				6F2E99631AFDBD3D0091C5D9 /* ColumnOption.m in Sources */,
				6F601FE51AEBE7BE000CDF88 /* FMDBManmager.m in Sources */,
				6F601ECF1AEBCBD0000CDF88 /* MainViewController.m in Sources */,
				6FA851661AF33E0E00B45763 /* SpeedyDocViewController.m in Sources */,
				6F2E997F1B072CCF0091C5D9 /* DetailFormTableViewCell.m in Sources */,
				6F80B9DB1B14CC4B00950AE9 /* EditDocViewController.m in Sources */,
				6F2E996E1AFF363F0091C5D9 /* OptionDocTableViewCell.m in Sources */,
			);
			runOnlyForDeploymentPostprocessing = 0;
		};
		A558709A1AE9D5C000C7413C /* Sources */ = {
			isa = PBXSourcesBuildPhase;
			buildActionMask = 2147483647;
			files = (
				A55870A51AE9D5C000C7413C /* SpeedyDocTests.m in Sources */,
			);
			runOnlyForDeploymentPostprocessing = 0;
		};
/* End PBXSourcesBuildPhase section */

/* Begin PBXTargetDependency section */
		A55870A01AE9D5C000C7413C /* PBXTargetDependency */ = {
			isa = PBXTargetDependency;
			target = A55870841AE9D5C000C7413C /* SpeedyDoc */;
			targetProxy = A558709F1AE9D5C000C7413C /* PBXContainerItemProxy */;
		};
/* End PBXTargetDependency section */

/* Begin PBXVariantGroup section */
		A55822551B2ED74100F73C87 /* LaunchScreen.xib */ = {
			isa = PBXVariantGroup;
			children = (
				A55822561B2ED74100F73C87 /* Base */,
			);
			name = LaunchScreen.xib;
			sourceTree = "<group>";
		};
/* End PBXVariantGroup section */

/* Begin XCBuildConfiguration section */
		A55870A61AE9D5C000C7413C /* Debug */ = {
			isa = XCBuildConfiguration;
			buildSettings = {
				ALWAYS_SEARCH_USER_PATHS = NO;
				CLANG_CXX_LANGUAGE_STANDARD = "gnu++0x";
				CLANG_CXX_LIBRARY = "libc++";
				CLANG_ENABLE_MODULES = YES;
				CLANG_ENABLE_OBJC_ARC = YES;
				CLANG_WARN_BOOL_CONVERSION = YES;
				CLANG_WARN_CONSTANT_CONVERSION = YES;
				CLANG_WARN_DIRECT_OBJC_ISA_USAGE = YES_ERROR;
				CLANG_WARN_EMPTY_BODY = YES;
				CLANG_WARN_ENUM_CONVERSION = YES;
				CLANG_WARN_INT_CONVERSION = YES;
				CLANG_WARN_OBJC_ROOT_CLASS = YES_ERROR;
				CLANG_WARN_UNREACHABLE_CODE = YES;
				CLANG_WARN__DUPLICATE_METHOD_MATCH = YES;
				CODE_SIGN_IDENTITY = "iPhone Distribution: cong du (74FFGT6HP4)";
				"CODE_SIGN_IDENTITY[sdk=iphoneos*]" = "iPhone Distribution: cong du (74FFGT6HP4)";
				COPY_PHASE_STRIP = NO;
				DEBUG_INFORMATION_FORMAT = "dwarf-with-dsym";
				ENABLE_STRICT_OBJC_MSGSEND = YES;
				GCC_C_LANGUAGE_STANDARD = gnu99;
				GCC_DYNAMIC_NO_PIC = NO;
				GCC_NO_COMMON_BLOCKS = YES;
				GCC_OPTIMIZATION_LEVEL = 0;
				GCC_PREPROCESSOR_DEFINITIONS = (
					"DEBUG=1",
					"$(inherited)",
				);
				GCC_SYMBOLS_PRIVATE_EXTERN = NO;
				GCC_WARN_64_TO_32_BIT_CONVERSION = YES;
				GCC_WARN_ABOUT_RETURN_TYPE = YES_ERROR;
				GCC_WARN_UNDECLARED_SELECTOR = YES;
				GCC_WARN_UNINITIALIZED_AUTOS = YES_AGGRESSIVE;
				GCC_WARN_UNUSED_FUNCTION = YES;
				GCC_WARN_UNUSED_VARIABLE = YES;
				IPHONEOS_DEPLOYMENT_TARGET = 8.3;
				MTL_ENABLE_DEBUG_INFO = YES;
				ONLY_ACTIVE_ARCH = YES;
				PROVISIONING_PROFILE = "3ab83afe-175e-44f8-a3ff-e9bf5742055a";
				SDKROOT = iphoneos;
			};
			name = Debug;
		};
		A55870A71AE9D5C000C7413C /* Release */ = {
			isa = XCBuildConfiguration;
			buildSettings = {
				ALWAYS_SEARCH_USER_PATHS = NO;
				CLANG_CXX_LANGUAGE_STANDARD = "gnu++0x";
				CLANG_CXX_LIBRARY = "libc++";
				CLANG_ENABLE_MODULES = YES;
				CLANG_ENABLE_OBJC_ARC = YES;
				CLANG_WARN_BOOL_CONVERSION = YES;
				CLANG_WARN_CONSTANT_CONVERSION = YES;
				CLANG_WARN_DIRECT_OBJC_ISA_USAGE = YES_ERROR;
				CLANG_WARN_EMPTY_BODY = YES;
				CLANG_WARN_ENUM_CONVERSION = YES;
				CLANG_WARN_INT_CONVERSION = YES;
				CLANG_WARN_OBJC_ROOT_CLASS = YES_ERROR;
				CLANG_WARN_UNREACHABLE_CODE = YES;
				CLANG_WARN__DUPLICATE_METHOD_MATCH = YES;
				CODE_SIGN_IDENTITY = "iPhone Distribution: cong du (74FFGT6HP4)";
				"CODE_SIGN_IDENTITY[sdk=iphoneos*]" = "iPhone Distribution: cong du (74FFGT6HP4)";
				COPY_PHASE_STRIP = NO;
				DEBUG_INFORMATION_FORMAT = "dwarf-with-dsym";
				ENABLE_NS_ASSERTIONS = NO;
				ENABLE_STRICT_OBJC_MSGSEND = YES;
				GCC_C_LANGUAGE_STANDARD = gnu99;
				GCC_NO_COMMON_BLOCKS = YES;
				GCC_WARN_64_TO_32_BIT_CONVERSION = YES;
				GCC_WARN_ABOUT_RETURN_TYPE = YES_ERROR;
				GCC_WARN_UNDECLARED_SELECTOR = YES;
				GCC_WARN_UNINITIALIZED_AUTOS = YES_AGGRESSIVE;
				GCC_WARN_UNUSED_FUNCTION = YES;
				GCC_WARN_UNUSED_VARIABLE = YES;
				IPHONEOS_DEPLOYMENT_TARGET = 8.3;
				MTL_ENABLE_DEBUG_INFO = NO;
				PROVISIONING_PROFILE = "3ab83afe-175e-44f8-a3ff-e9bf5742055a";
				SDKROOT = iphoneos;
				VALIDATE_PRODUCT = YES;
			};
			name = Release;
		};
		A55870A91AE9D5C000C7413C /* Debug */ = {
			isa = XCBuildConfiguration;
			baseConfigurationReference = B76D309863F7D598DF088719 /* Pods.debug.xcconfig */;
			buildSettings = {
				ASSETCATALOG_COMPILER_APPICON_NAME = AppIcon;
				CODE_SIGN_IDENTITY = "iPhone Distribution: cong du (74FFGT6HP4)";
				"CODE_SIGN_IDENTITY[sdk=iphoneos*]" = "iPhone Distribution: cong du (74FFGT6HP4)";
				FRAMEWORK_SEARCH_PATHS = (
					"$(inherited)",
					"$(PROJECT_DIR)",
				);
				GCC_PREFIX_HEADER = "$(SRCROOT)/SpeedyDoc/SpeedyDoc-Prefix.pch";
				INFOPLIST_FILE = SpeedyDoc/Info.plist;
				IPHONEOS_DEPLOYMENT_TARGET = 7.1;
				LD_RUNPATH_SEARCH_PATHS = "$(inherited) @executable_path/Frameworks";
				OTHER_LDFLAGS = (
					"$(inherited)",
					"-ObjC",
					"-l\"Pods-FMDB\"",
					"-l\"Pods-XLForm\"",
					"-l\"sqlite3\"",
					"-framework",
					"\"CoreGraphics\"",
					"-framework",
					"\"Foundation\"",
					"-framework",
					"\"UIKit\"",
					"-lstdc++",
				);
				PRODUCT_NAME = "$(TARGET_NAME)";
				PROVISIONING_PROFILE = "3ab83afe-175e-44f8-a3ff-e9bf5742055a";
				TARGETED_DEVICE_FAMILY = "1,2";
			};
			name = Debug;
		};
		A55870AA1AE9D5C000C7413C /* Release */ = {
			isa = XCBuildConfiguration;
			baseConfigurationReference = 4AD225C776E83027A213B81C /* Pods.release.xcconfig */;
			buildSettings = {
				ASSETCATALOG_COMPILER_APPICON_NAME = AppIcon;
				CODE_SIGN_IDENTITY = "iPhone Distribution: cong du (74FFGT6HP4)";
				"CODE_SIGN_IDENTITY[sdk=iphoneos*]" = "iPhone Distribution: cong du (74FFGT6HP4)";
				FRAMEWORK_SEARCH_PATHS = (
					"$(inherited)",
					"$(PROJECT_DIR)",
				);
				GCC_PREFIX_HEADER = "$(SRCROOT)/SpeedyDoc/SpeedyDoc-Prefix.pch";
				INFOPLIST_FILE = SpeedyDoc/Info.plist;
				IPHONEOS_DEPLOYMENT_TARGET = 7.1;
				LD_RUNPATH_SEARCH_PATHS = "$(inherited) @executable_path/Frameworks";
				OTHER_LDFLAGS = (
					"$(inherited)",
					"-ObjC",
					"-l\"Pods-FMDB\"",
					"-l\"Pods-XLForm\"",
					"-l\"sqlite3\"",
					"-framework",
					"\"CoreGraphics\"",
					"-framework",
					"\"Foundation\"",
					"-framework",
					"\"UIKit\"",
					"-lstdc++",
				);
				PRODUCT_NAME = "$(TARGET_NAME)";
				PROVISIONING_PROFILE = "3ab83afe-175e-44f8-a3ff-e9bf5742055a";
				TARGETED_DEVICE_FAMILY = "1,2";
			};
			name = Release;
		};
		A55870AC1AE9D5C000C7413C /* Debug */ = {
			isa = XCBuildConfiguration;
			buildSettings = {
				BUNDLE_LOADER = "$(TEST_HOST)";
				CODE_SIGN_IDENTITY = "iPhone Developer";
				"CODE_SIGN_IDENTITY[sdk=iphoneos*]" = "iPhone Developer";
				FRAMEWORK_SEARCH_PATHS = (
					"$(SDKROOT)/Developer/Library/Frameworks",
					"$(inherited)",
				);
				GCC_PREPROCESSOR_DEFINITIONS = (
					"DEBUG=1",
					"$(inherited)",
				);
				INFOPLIST_FILE = SpeedyDocTests/Info.plist;
				LD_RUNPATH_SEARCH_PATHS = "$(inherited) @executable_path/Frameworks @loader_path/Frameworks";
				PRODUCT_NAME = "$(TARGET_NAME)";
				PROVISIONING_PROFILE = "";
				TEST_HOST = "$(BUILT_PRODUCTS_DIR)/SpeedyDoc.app/SpeedyDoc";
			};
			name = Debug;
		};
		A55870AD1AE9D5C000C7413C /* Release */ = {
			isa = XCBuildConfiguration;
			buildSettings = {
				BUNDLE_LOADER = "$(TEST_HOST)";
				CODE_SIGN_IDENTITY = "iPhone Developer";
				"CODE_SIGN_IDENTITY[sdk=iphoneos*]" = "iPhone Developer";
				FRAMEWORK_SEARCH_PATHS = (
					"$(SDKROOT)/Developer/Library/Frameworks",
					"$(inherited)",
				);
				INFOPLIST_FILE = SpeedyDocTests/Info.plist;
				LD_RUNPATH_SEARCH_PATHS = "$(inherited) @executable_path/Frameworks @loader_path/Frameworks";
				PRODUCT_NAME = "$(TARGET_NAME)";
				PROVISIONING_PROFILE = "";
				TEST_HOST = "$(BUILT_PRODUCTS_DIR)/SpeedyDoc.app/SpeedyDoc";
			};
			name = Release;
		};
/* End XCBuildConfiguration section */

/* Begin XCConfigurationList section */
		A55870801AE9D5C000C7413C /* Build configuration list for PBXProject "SpeedyDoc" */ = {
			isa = XCConfigurationList;
			buildConfigurations = (
				A55870A61AE9D5C000C7413C /* Debug */,
				A55870A71AE9D5C000C7413C /* Release */,
			);
			defaultConfigurationIsVisible = 0;
			defaultConfigurationName = Release;
		};
		A55870A81AE9D5C000C7413C /* Build configuration list for PBXNativeTarget "SpeedyDoc" */ = {
			isa = XCConfigurationList;
			buildConfigurations = (
				A55870A91AE9D5C000C7413C /* Debug */,
				A55870AA1AE9D5C000C7413C /* Release */,
			);
			defaultConfigurationIsVisible = 0;
			defaultConfigurationName = Release;
		};
		A55870AB1AE9D5C000C7413C /* Build configuration list for PBXNativeTarget "SpeedyDocTests" */ = {
			isa = XCConfigurationList;
			buildConfigurations = (
				A55870AC1AE9D5C000C7413C /* Debug */,
				A55870AD1AE9D5C000C7413C /* Release */,
			);
			defaultConfigurationIsVisible = 0;
			defaultConfigurationName = Release;
		};
/* End XCConfigurationList section */
	};
	rootObject = A558707D1AE9D5C000C7413C /* Project object */;
}
