// !$*UTF8*$!
{
	archiveVersion = 1;
	classes = {
	};
	objectVersion = 46;
	objects = {

/* Begin PBXBuildFile section */
		6F601ECF1AEBCBD0000CDF88 /* MainViewController.m in Sources */ = {isa = PBXBuildFile; fileRef = 6F601ECE1AEBCBD0000CDF88 /* MainViewController.m */; };
		6F601FE51AEBE7BE000CDF88 /* FMDBManmager.m in Sources */ = {isa = PBXBuildFile; fileRef = 6F601FE41AEBE7BE000CDF88 /* FMDBManmager.m */; };
		6F601FE81AEBE7DD000CDF88 /* FormModel.m in Sources */ = {isa = PBXBuildFile; fileRef = 6F601FE71AEBE7DD000CDF88 /* FormModel.m */; };
		6FD229991AEAB02A008DF7E0 /* SpeedyDoc.storyboard in Resources */ = {isa = PBXBuildFile; fileRef = 6FD229981AEAB02A008DF7E0 /* SpeedyDoc.storyboard */; };
		83E2D854528ABA08EB04ECBF /* libPods.a in Frameworks */ = {isa = PBXBuildFile; fileRef = 83D2D08C50ABF2C5100BBA97 /* libPods.a */; };
		A558708B1AE9D5C000C7413C /* main.m in Sources */ = {isa = PBXBuildFile; fileRef = A558708A1AE9D5C000C7413C /* main.m */; };
		A558708E1AE9D5C000C7413C /* AppDelegate.m in Sources */ = {isa = PBXBuildFile; fileRef = A558708D1AE9D5C000C7413C /* AppDelegate.m */; };
		A55870961AE9D5C000C7413C /* Images.xcassets in Resources */ = {isa = PBXBuildFile; fileRef = A55870951AE9D5C000C7413C /* Images.xcassets */; };
		A55870991AE9D5C000C7413C /* LaunchScreen.xib in Resources */ = {isa = PBXBuildFile; fileRef = A55870971AE9D5C000C7413C /* LaunchScreen.xib */; };
		A55870A51AE9D5C000C7413C /* SpeedyDocTests.m in Sources */ = {isa = PBXBuildFile; fileRef = A55870A41AE9D5C000C7413C /* SpeedyDocTests.m */; };
/* End PBXBuildFile section */

/* Begin PBXContainerItemProxy section */
		A558709F1AE9D5C000C7413C /* PBXContainerItemProxy */ = {
			isa = PBXContainerItemProxy;
			containerPortal = A558707D1AE9D5C000C7413C /* Project object */;
			proxyType = 1;
			remoteGlobalIDString = A55870841AE9D5C000C7413C;
			remoteInfo = SpeedyDoc;
		};
/* End PBXContainerItemProxy section */

/* Begin PBXFileReference section */
		4AD225C776E83027A213B81C /* Pods.release.xcconfig */ = {isa = PBXFileReference; includeInIndex = 1; lastKnownFileType = text.xcconfig; name = Pods.release.xcconfig; path = "Pods/Target Support Files/Pods/Pods.release.xcconfig"; sourceTree = "<group>"; };
		6F601ECD1AEBCBD0000CDF88 /* MainViewController.h */ = {isa = PBXFileReference; fileEncoding = 4; lastKnownFileType = sourcecode.c.h; path = MainViewController.h; sourceTree = "<group>"; };
		6F601ECE1AEBCBD0000CDF88 /* MainViewController.m */ = {isa = PBXFileReference; fileEncoding = 4; lastKnownFileType = sourcecode.c.objc; path = MainViewController.m; sourceTree = "<group>"; };
		6F601FE31AEBE7BE000CDF88 /* FMDBManmager.h */ = {isa = PBXFileReference; fileEncoding = 4; lastKnownFileType = sourcecode.c.h; path = FMDBManmager.h; sourceTree = "<group>"; };
		6F601FE41AEBE7BE000CDF88 /* FMDBManmager.m */ = {isa = PBXFileReference; fileEncoding = 4; lastKnownFileType = sourcecode.c.objc; path = FMDBManmager.m; sourceTree = "<group>"; };
		6F601FE61AEBE7DD000CDF88 /* FormModel.h */ = {isa = PBXFileReference; fileEncoding = 4; lastKnownFileType = sourcecode.c.h; path = FormModel.h; sourceTree = "<group>"; };
		6F601FE71AEBE7DD000CDF88 /* FormModel.m */ = {isa = PBXFileReference; fileEncoding = 4; lastKnownFileType = sourcecode.c.objc; path = FormModel.m; sourceTree = "<group>"; };
		6FD229981AEAB02A008DF7E0 /* SpeedyDoc.storyboard */ = {isa = PBXFileReference; fileEncoding = 4; lastKnownFileType = file.storyboard; path = SpeedyDoc.storyboard; sourceTree = "<group>"; };
		83D2D08C50ABF2C5100BBA97 /* libPods.a */ = {isa = PBXFileReference; explicitFileType = archive.ar; includeInIndex = 0; path = libPods.a; sourceTree = BUILT_PRODUCTS_DIR; };
		A55870851AE9D5C000C7413C /* SpeedyDoc.app */ = {isa = PBXFileReference; explicitFileType = wrapper.application; includeInIndex = 0; path = SpeedyDoc.app; sourceTree = BUILT_PRODUCTS_DIR; };
		A55870891AE9D5C000C7413C /* Info.plist */ = {isa = PBXFileReference; lastKnownFileType = text.plist.xml; path = Info.plist; sourceTree = "<group>"; };
		A558708A1AE9D5C000C7413C /* main.m */ = {isa = PBXFileReference; lastKnownFileType = sourcecode.c.objc; path = main.m; sourceTree = "<group>"; };
		A558708C1AE9D5C000C7413C /* AppDelegate.h */ = {isa = PBXFileReference; lastKnownFileType = sourcecode.c.h; path = AppDelegate.h; sourceTree = "<group>"; };
		A558708D1AE9D5C000C7413C /* AppDelegate.m */ = {isa = PBXFileReference; lastKnownFileType = sourcecode.c.objc; path = AppDelegate.m; sourceTree = "<group>"; };
		A55870951AE9D5C000C7413C /* Images.xcassets */ = {isa = PBXFileReference; lastKnownFileType = folder.assetcatalog; path = Images.xcassets; sourceTree = "<group>"; };
		A55870981AE9D5C000C7413C /* Base */ = {isa = PBXFileReference; lastKnownFileType = file.xib; name = Base; path = Base.lproj/LaunchScreen.xib; sourceTree = "<group>"; };
		A558709E1AE9D5C000C7413C /* SpeedyDocTests.xctest */ = {isa = PBXFileReference; explicitFileType = wrapper.cfbundle; includeInIndex = 0; path = SpeedyDocTests.xctest; sourceTree = BUILT_PRODUCTS_DIR; };
		A55870A31AE9D5C000C7413C /* Info.plist */ = {isa = PBXFileReference; lastKnownFileType = text.plist.xml; path = Info.plist; sourceTree = "<group>"; };
		A55870A41AE9D5C000C7413C /* SpeedyDocTests.m */ = {isa = PBXFileReference; lastKnownFileType = sourcecode.c.objc; path = SpeedyDocTests.m; sourceTree = "<group>"; };
		A55870AF1AE9E02200C7413C /* SpeedyDoc-Prefix.pch */ = {isa = PBXFileReference; fileEncoding = 4; lastKnownFileType = sourcecode.c.h; path = "SpeedyDoc-Prefix.pch"; sourceTree = "<group>"; };
		B76D309863F7D598DF088719 /* Pods.debug.xcconfig */ = {isa = PBXFileReference; includeInIndex = 1; lastKnownFileType = text.xcconfig; name = Pods.debug.xcconfig; path = "Pods/Target Support Files/Pods/Pods.debug.xcconfig"; sourceTree = "<group>"; };
/* End PBXFileReference section */

/* Begin PBXFrameworksBuildPhase section */
		A55870821AE9D5C000C7413C /* Frameworks */ = {
			isa = PBXFrameworksBuildPhase;
			buildActionMask = 2147483647;
			files = (
				83E2D854528ABA08EB04ECBF /* libPods.a in Frameworks */,
			);
			runOnlyForDeploymentPostprocessing = 0;
		};
		A558709B1AE9D5C000C7413C /* Frameworks */ = {
			isa = PBXFrameworksBuildPhase;
			buildActionMask = 2147483647;
			files = (
			);
			runOnlyForDeploymentPostprocessing = 0;
		};
/* End PBXFrameworksBuildPhase section */

/* Begin PBXGroup section */
		6224D655B92ADBD6A65C453E /* Frameworks */ = {
			isa = PBXGroup;
			children = (
				83D2D08C50ABF2C5100BBA97 /* libPods.a */,
			);
			name = Frameworks;
			sourceTree = "<group>";
		};
		6F601FE21AEBE7BE000CDF88 /* FMDB */ = {
			isa = PBXGroup;
			children = (
				6F601FE31AEBE7BE000CDF88 /* FMDBManmager.h */,
				6F601FE41AEBE7BE000CDF88 /* FMDBManmager.m */,
				6F601FE61AEBE7DD000CDF88 /* FormModel.h */,
				6F601FE71AEBE7DD000CDF88 /* FormModel.m */,
			);
			path = FMDB;
			sourceTree = "<group>";
		};
		6FD229941AEAAFEB008DF7E0 /* GUI */ = {
			isa = PBXGroup;
			children = (
				6FD229951AEAAFEB008DF7E0 /* Controller */,
				6FD229961AEAAFEB008DF7E0 /* Model */,
				6FD229971AEAAFEB008DF7E0 /* View */,
			);
			path = GUI;
			sourceTree = "<group>";
		};
		6FD229951AEAAFEB008DF7E0 /* Controller */ = {
			isa = PBXGroup;
			children = (
				6F601ECD1AEBCBD0000CDF88 /* MainViewController.h */,
				6F601ECE1AEBCBD0000CDF88 /* MainViewController.m */,
			);
			path = Controller;
			sourceTree = "<group>";
		};
		6FD229961AEAAFEB008DF7E0 /* Model */ = {
			isa = PBXGroup;
			children = (
				6F601FE21AEBE7BE000CDF88 /* FMDB */,
			);
			path = Model;
			sourceTree = "<group>";
		};
		6FD229971AEAAFEB008DF7E0 /* View */ = {
			isa = PBXGroup;
			children = (
			);
			path = View;
			sourceTree = "<group>";
		};
		9D8F728EAC7A3725F007A5CF /* Pods */ = {
			isa = PBXGroup;
			children = (
				B76D309863F7D598DF088719 /* Pods.debug.xcconfig */,
				4AD225C776E83027A213B81C /* Pods.release.xcconfig */,
			);
			name = Pods;
			sourceTree = "<group>";
		};
		A558707C1AE9D5C000C7413C = {
			isa = PBXGroup;
			children = (
				6FD229941AEAAFEB008DF7E0 /* GUI */,
				A55870871AE9D5C000C7413C /* SpeedyDoc */,
				A55870A11AE9D5C000C7413C /* SpeedyDocTests */,
				A55870861AE9D5C000C7413C /* Products */,
				9D8F728EAC7A3725F007A5CF /* Pods */,
				6224D655B92ADBD6A65C453E /* Frameworks */,
			);
			sourceTree = "<group>";
		};
		A55870861AE9D5C000C7413C /* Products */ = {
			isa = PBXGroup;
			children = (
				A55870851AE9D5C000C7413C /* SpeedyDoc.app */,
				A558709E1AE9D5C000C7413C /* SpeedyDocTests.xctest */,
			);
			name = Products;
			sourceTree = "<group>";
		};
		A55870871AE9D5C000C7413C /* SpeedyDoc */ = {
			isa = PBXGroup;
			children = (
				A558708C1AE9D5C000C7413C /* AppDelegate.h */,
				A558708D1AE9D5C000C7413C /* AppDelegate.m */,
				6FD229981AEAB02A008DF7E0 /* SpeedyDoc.storyboard */,
				A55870951AE9D5C000C7413C /* Images.xcassets */,
				A55870971AE9D5C000C7413C /* LaunchScreen.xib */,
				A55870881AE9D5C000C7413C /* Supporting Files */,
			);
			path = SpeedyDoc;
			sourceTree = "<group>";
		};
		A55870881AE9D5C000C7413C /* Supporting Files */ = {
			isa = PBXGroup;
			children = (
				A55870891AE9D5C000C7413C /* Info.plist */,
				A558708A1AE9D5C000C7413C /* main.m */,
				A55870AF1AE9E02200C7413C /* SpeedyDoc-Prefix.pch */,
			);
			name = "Supporting Files";
			sourceTree = "<group>";
		};
		A55870A11AE9D5C000C7413C /* SpeedyDocTests */ = {
			isa = PBXGroup;
			children = (
				A55870A41AE9D5C000C7413C /* SpeedyDocTests.m */,
				A55870A21AE9D5C000C7413C /* Supporting Files */,
			);
			path = SpeedyDocTests;
			sourceTree = "<group>";
		};
		A55870A21AE9D5C000C7413C /* Supporting Files */ = {
			isa = PBXGroup;
			children = (
				A55870A31AE9D5C000C7413C /* Info.plist */,
			);
			name = "Supporting Files";
			sourceTree = "<group>";
		};
/* End PBXGroup section */

/* Begin PBXNativeTarget section */
		A55870841AE9D5C000C7413C /* SpeedyDoc */ = {
			isa = PBXNativeTarget;
			buildConfigurationList = A55870A81AE9D5C000C7413C /* Build configuration list for PBXNativeTarget "SpeedyDoc" */;
			buildPhases = (
				DBD08EB4AC690067C9BDA89A /* Check Pods Manifest.lock */,
				A55870811AE9D5C000C7413C /* Sources */,
				A55870821AE9D5C000C7413C /* Frameworks */,
				A55870831AE9D5C000C7413C /* Resources */,
				6B111017A2BC9BDC86943986 /* Copy Pods Resources */,
			);
			buildRules = (
			);
			dependencies = (
			);
			name = SpeedyDoc;
			productName = SpeedyDoc;
			productReference = A55870851AE9D5C000C7413C /* SpeedyDoc.app */;
			productType = "com.apple.product-type.application";
		};
		A558709D1AE9D5C000C7413C /* SpeedyDocTests */ = {
			isa = PBXNativeTarget;
			buildConfigurationList = A55870AB1AE9D5C000C7413C /* Build configuration list for PBXNativeTarget "SpeedyDocTests" */;
			buildPhases = (
				A558709A1AE9D5C000C7413C /* Sources */,
				A558709B1AE9D5C000C7413C /* Frameworks */,
				A558709C1AE9D5C000C7413C /* Resources */,
			);
			buildRules = (
			);
			dependencies = (
				A55870A01AE9D5C000C7413C /* PBXTargetDependency */,
			);
			name = SpeedyDocTests;
			productName = SpeedyDocTests;
			productReference = A558709E1AE9D5C000C7413C /* SpeedyDocTests.xctest */;
			productType = "com.apple.product-type.bundle.unit-test";
		};
/* End PBXNativeTarget section */

/* Begin PBXProject section */
		A558707D1AE9D5C000C7413C /* Project object */ = {
			isa = PBXProject;
			attributes = {
				LastUpgradeCheck = 0630;
				ORGANIZATIONNAME = "R_style Man";
				TargetAttributes = {
					A55870841AE9D5C000C7413C = {
						CreatedOnToolsVersion = 6.3.1;
					};
					A558709D1AE9D5C000C7413C = {
						CreatedOnToolsVersion = 6.3.1;
						TestTargetID = A55870841AE9D5C000C7413C;
					};
				};
			};
			buildConfigurationList = A55870801AE9D5C000C7413C /* Build configuration list for PBXProject "SpeedyDoc" */;
			compatibilityVersion = "Xcode 3.2";
			developmentRegion = English;
			hasScannedForEncodings = 0;
			knownRegions = (
				en,
				Base,
			);
			mainGroup = A558707C1AE9D5C000C7413C;
			productRefGroup = A55870861AE9D5C000C7413C /* Products */;
			projectDirPath = "";
			projectRoot = "";
			targets = (
				A55870841AE9D5C000C7413C /* SpeedyDoc */,
				A558709D1AE9D5C000C7413C /* SpeedyDocTests */,
			);
		};
/* End PBXProject section */

/* Begin PBXResourcesBuildPhase section */
		A55870831AE9D5C000C7413C /* Resources */ = {
			isa = PBXResourcesBuildPhase;
			buildActionMask = 2147483647;
			files = (
				A55870991AE9D5C000C7413C /* LaunchScreen.xib in Resources */,
				6FD229991AEAB02A008DF7E0 /* SpeedyDoc.storyboard in Resources */,
				A55870961AE9D5C000C7413C /* Images.xcassets in Resources */,
			);
			runOnlyForDeploymentPostprocessing = 0;
		};
		A558709C1AE9D5C000C7413C /* Resources */ = {
			isa = PBXResourcesBuildPhase;
			buildActionMask = 2147483647;
			files = (
			);
			runOnlyForDeploymentPostprocessing = 0;
		};
/* End PBXResourcesBuildPhase section */

/* Begin PBXShellScriptBuildPhase section */
		6B111017A2BC9BDC86943986 /* Copy Pods Resources */ = {
			isa = PBXShellScriptBuildPhase;
			buildActionMask = 2147483647;
			files = (
			);
			inputPaths = (
			);
			name = "Copy Pods Resources";
			outputPaths = (
			);
			runOnlyForDeploymentPostprocessing = 0;
			shellPath = /bin/sh;
			shellScript = "\"${SRCROOT}/Pods/Target Support Files/Pods/Pods-resources.sh\"\n";
			showEnvVarsInLog = 0;
		};
		DBD08EB4AC690067C9BDA89A /* Check Pods Manifest.lock */ = {
			isa = PBXShellScriptBuildPhase;
			buildActionMask = 2147483647;
			files = (
			);
			inputPaths = (
			);
			name = "Check Pods Manifest.lock";
			outputPaths = (
			);
			runOnlyForDeploymentPostprocessing = 0;
			shellPath = /bin/sh;
			shellScript = "diff \"${PODS_ROOT}/../Podfile.lock\" \"${PODS_ROOT}/Manifest.lock\" > /dev/null\nif [[ $? != 0 ]] ; then\n    cat << EOM\nerror: The sandbox is not in sync with the Podfile.lock. Run 'pod install' or update your CocoaPods installation.\nEOM\n    exit 1\nfi\n";
			showEnvVarsInLog = 0;
		};
/* End PBXShellScriptBuildPhase section */

/* Begin PBXSourcesBuildPhase section */
		A55870811AE9D5C000C7413C /* Sources */ = {
			isa = PBXSourcesBuildPhase;
			buildActionMask = 2147483647;
			files = (
				6F601FE81AEBE7DD000CDF88 /* FormModel.m in Sources */,
				A558708E1AE9D5C000C7413C /* AppDelegate.m in Sources */,
				A558708B1AE9D5C000C7413C /* main.m in Sources */,
				6F601FE51AEBE7BE000CDF88 /* FMDBManmager.m in Sources */,
				6F601ECF1AEBCBD0000CDF88 /* MainViewController.m in Sources */,
			);
			runOnlyForDeploymentPostprocessing = 0;
		};
		A558709A1AE9D5C000C7413C /* Sources */ = {
			isa = PBXSourcesBuildPhase;
			buildActionMask = 2147483647;
			files = (
				A55870A51AE9D5C000C7413C /* SpeedyDocTests.m in Sources */,
			);
			runOnlyForDeploymentPostprocessing = 0;
		};
/* End PBXSourcesBuildPhase section */

/* Begin PBXTargetDependency section */
		A55870A01AE9D5C000C7413C /* PBXTargetDependency */ = {
			isa = PBXTargetDependency;
			target = A55870841AE9D5C000C7413C /* SpeedyDoc */;
			targetProxy = A558709F1AE9D5C000C7413C /* PBXContainerItemProxy */;
		};
/* End PBXTargetDependency section */

/* Begin PBXVariantGroup section */
		A55870971AE9D5C000C7413C /* LaunchScreen.xib */ = {
			isa = PBXVariantGroup;
			children = (
				A55870981AE9D5C000C7413C /* Base */,
			);
			name = LaunchScreen.xib;
			sourceTree = "<group>";
		};
/* End PBXVariantGroup section */

/* Begin XCBuildConfiguration section */
		A55870A61AE9D5C000C7413C /* Debug */ = {
			isa = XCBuildConfiguration;
			buildSettings = {
				ALWAYS_SEARCH_USER_PATHS = NO;
				CLANG_CXX_LANGUAGE_STANDARD = "gnu++0x";
				CLANG_CXX_LIBRARY = "libc++";
				CLANG_ENABLE_MODULES = YES;
				CLANG_ENABLE_OBJC_ARC = YES;
				CLANG_WARN_BOOL_CONVERSION = YES;
				CLANG_WARN_CONSTANT_CONVERSION = YES;
				CLANG_WARN_DIRECT_OBJC_ISA_USAGE = YES_ERROR;
				CLANG_WARN_EMPTY_BODY = YES;
				CLANG_WARN_ENUM_CONVERSION = YES;
				CLANG_WARN_INT_CONVERSION = YES;
				CLANG_WARN_OBJC_ROOT_CLASS = YES_ERROR;
				CLANG_WARN_UNREACHABLE_CODE = YES;
				CLANG_WARN__DUPLICATE_METHOD_MATCH = YES;
				"CODE_SIGN_IDENTITY[sdk=iphoneos*]" = "iPhone Developer";
				COPY_PHASE_STRIP = NO;
				DEBUG_INFORMATION_FORMAT = "dwarf-with-dsym";
				ENABLE_STRICT_OBJC_MSGSEND = YES;
				GCC_C_LANGUAGE_STANDARD = gnu99;
				GCC_DYNAMIC_NO_PIC = NO;
				GCC_NO_COMMON_BLOCKS = YES;
				GCC_OPTIMIZATION_LEVEL = 0;
				GCC_PREPROCESSOR_DEFINITIONS = (
					"DEBUG=1",
					"$(inherited)",
				);
				GCC_SYMBOLS_PRIVATE_EXTERN = NO;
				GCC_WARN_64_TO_32_BIT_CONVERSION = YES;
				GCC_WARN_ABOUT_RETURN_TYPE = YES_ERROR;
				GCC_WARN_UNDECLARED_SELECTOR = YES;
				GCC_WARN_UNINITIALIZED_AUTOS = YES_AGGRESSIVE;
				GCC_WARN_UNUSED_FUNCTION = YES;
				GCC_WARN_UNUSED_VARIABLE = YES;
				IPHONEOS_DEPLOYMENT_TARGET = 8.3;
				MTL_ENABLE_DEBUG_INFO = YES;
				ONLY_ACTIVE_ARCH = YES;
				SDKROOT = iphoneos;
			};
			name = Debug;
		};
		A55870A71AE9D5C000C7413C /* Release */ = {
			isa = XCBuildConfiguration;
			buildSettings = {
				ALWAYS_SEARCH_USER_PATHS = NO;
				CLANG_CXX_LANGUAGE_STANDARD = "gnu++0x";
				CLANG_CXX_LIBRARY = "libc++";
				CLANG_ENABLE_MODULES = YES;
				CLANG_ENABLE_OBJC_ARC = YES;
				CLANG_WARN_BOOL_CONVERSION = YES;
				CLANG_WARN_CONSTANT_CONVERSION = YES;
				CLANG_WARN_DIRECT_OBJC_ISA_USAGE = YES_ERROR;
				CLANG_WARN_EMPTY_BODY = YES;
				CLANG_WARN_ENUM_CONVERSION = YES;
				CLANG_WARN_INT_CONVERSION = YES;
				CLANG_WARN_OBJC_ROOT_CLASS = YES_ERROR;
				CLANG_WARN_UNREACHABLE_CODE = YES;
				CLANG_WARN__DUPLICATE_METHOD_MATCH = YES;
				"CODE_SIGN_IDENTITY[sdk=iphoneos*]" = "iPhone Developer";
				COPY_PHASE_STRIP = NO;
				DEBUG_INFORMATION_FORMAT = "dwarf-with-dsym";
				ENABLE_NS_ASSERTIONS = NO;
				ENABLE_STRICT_OBJC_MSGSEND = YES;
				GCC_C_LANGUAGE_STANDARD = gnu99;
				GCC_NO_COMMON_BLOCKS = YES;
				GCC_WARN_64_TO_32_BIT_CONVERSION = YES;
				GCC_WARN_ABOUT_RETURN_TYPE = YES_ERROR;
				GCC_WARN_UNDECLARED_SELECTOR = YES;
				GCC_WARN_UNINITIALIZED_AUTOS = YES_AGGRESSIVE;
				GCC_WARN_UNUSED_FUNCTION = YES;
				GCC_WARN_UNUSED_VARIABLE = YES;
				IPHONEOS_DEPLOYMENT_TARGET = 8.3;
				MTL_ENABLE_DEBUG_INFO = NO;
				SDKROOT = iphoneos;
				VALIDATE_PRODUCT = YES;
			};
			name = Release;
		};
		A55870A91AE9D5C000C7413C /* Debug */ = {
			isa = XCBuildConfiguration;
			baseConfigurationReference = B76D309863F7D598DF088719 /* Pods.debug.xcconfig */;
			buildSettings = {
				ASSETCATALOG_COMPILER_APPICON_NAME = AppIcon;
				CODE_SIGN_IDENTITY = "iPhone Developer";
				GCC_PREFIX_HEADER = "$(SRCROOT)/SpeedyDoc/SpeedyDoc-Prefix.pch";
				INFOPLIST_FILE = SpeedyDoc/Info.plist;
				IPHONEOS_DEPLOYMENT_TARGET = 8.0;
				LD_RUNPATH_SEARCH_PATHS = "$(inherited) @executable_path/Frameworks";
				PRODUCT_NAME = "$(TARGET_NAME)";
				TARGETED_DEVICE_FAMILY = "1,2";
			};
			name = Debug;
		};
		A55870AA1AE9D5C000C7413C /* Release */ = {
			isa = XCBuildConfiguration;
			baseConfigurationReference = 4AD225C776E83027A213B81C /* Pods.release.xcconfig */;
			buildSettings = {
				ASSETCATALOG_COMPILER_APPICON_NAME = AppIcon;
				CODE_SIGN_IDENTITY = "iPhone Developer";
				GCC_PREFIX_HEADER = "$(SRCROOT)/SpeedyDoc/SpeedyDoc-Prefix.pch";
				INFOPLIST_FILE = SpeedyDoc/Info.plist;
				IPHONEOS_DEPLOYMENT_TARGET = 8.0;
				LD_RUNPATH_SEARCH_PATHS = "$(inherited) @executable_path/Frameworks";
				PRODUCT_NAME = "$(TARGET_NAME)";
				TARGETED_DEVICE_FAMILY = "1,2";
			};
			name = Release;
		};
		A55870AC1AE9D5C000C7413C /* Debug */ = {
			isa = XCBuildConfiguration;
			buildSettings = {
				BUNDLE_LOADER = "$(TEST_HOST)";
				FRAMEWORK_SEARCH_PATHS = (
					"$(SDKROOT)/Developer/Library/Frameworks",
					"$(inherited)",
				);
				GCC_PREPROCESSOR_DEFINITIONS = (
					"DEBUG=1",
					"$(inherited)",
				);
				INFOPLIST_FILE = SpeedyDocTests/Info.plist;
				LD_RUNPATH_SEARCH_PATHS = "$(inherited) @executable_path/Frameworks @loader_path/Frameworks";
				PRODUCT_NAME = "$(TARGET_NAME)";
				TEST_HOST = "$(BUILT_PRODUCTS_DIR)/SpeedyDoc.app/SpeedyDoc";
			};
			name = Debug;
		};
		A55870AD1AE9D5C000C7413C /* Release */ = {
			isa = XCBuildConfiguration;
			buildSettings = {
				BUNDLE_LOADER = "$(TEST_HOST)";
				FRAMEWORK_SEARCH_PATHS = (
					"$(SDKROOT)/Developer/Library/Frameworks",
					"$(inherited)",
				);
				INFOPLIST_FILE = SpeedyDocTests/Info.plist;
				LD_RUNPATH_SEARCH_PATHS = "$(inherited) @executable_path/Frameworks @loader_path/Frameworks";
				PRODUCT_NAME = "$(TARGET_NAME)";
				TEST_HOST = "$(BUILT_PRODUCTS_DIR)/SpeedyDoc.app/SpeedyDoc";
			};
			name = Release;
		};
/* End XCBuildConfiguration section */

/* Begin XCConfigurationList section */
		A55870801AE9D5C000C7413C /* Build configuration list for PBXProject "SpeedyDoc" */ = {
			isa = XCConfigurationList;
			buildConfigurations = (
				A55870A61AE9D5C000C7413C /* Debug */,
				A55870A71AE9D5C000C7413C /* Release */,
			);
			defaultConfigurationIsVisible = 0;
			defaultConfigurationName = Release;
		};
		A55870A81AE9D5C000C7413C /* Build configuration list for PBXNativeTarget "SpeedyDoc" */ = {
			isa = XCConfigurationList;
			buildConfigurations = (
				A55870A91AE9D5C000C7413C /* Debug */,
				A55870AA1AE9D5C000C7413C /* Release */,
			);
			defaultConfigurationIsVisible = 0;
			defaultConfigurationName = Release;
		};
		A55870AB1AE9D5C000C7413C /* Build configuration list for PBXNativeTarget "SpeedyDocTests" */ = {
			isa = XCConfigurationList;
			buildConfigurations = (
				A55870AC1AE9D5C000C7413C /* Debug */,
				A55870AD1AE9D5C000C7413C /* Release */,
			);
			defaultConfigurationIsVisible = 0;
			defaultConfigurationName = Release;
		};
/* End XCConfigurationList section */
	};
	rootObject = A558707D1AE9D5C000C7413C /* Project object */;
}
